
Microsoft Visual Studio Solution File, Format Version 12.00
# Visual Studio Version 17
VisualStudioVersion = 17.0.32112.339
MinimumVisualStudioVersion = 10.0.40219.1
Project("{FAE04EC0-301F-11D3-BF4B-00C04F79EFBC}") = "AppMvc.App", "src\AppMvc.App\AppMvc.App.csproj", "{8039759D-9838-4964-B191-E7B023EB4826}"
EndProject
Project("{FAE04EC0-301F-11D3-BF4B-00C04F79EFBC}") = "AppMvc.Business", "src\AppMvc.Business\AppMvc.Business.csproj", "{CF95D22A-0E5F-447E-8C58-DFD7A1604FC0}"
EndProject
Project("{FAE04EC0-301F-11D3-BF4B-00C04F79EFBC}") = "AppMvc.Data", "src\AppMvc.Data\AppMvc.Data.csproj", "{E0001F32-036B-4005-87B7-417165486F82}"
EndProject
Global
	GlobalSection(SolutionConfigurationPlatforms) = preSolution
		Debug|Any CPU = Debug|Any CPU
		Release|Any CPU = Release|Any CPU
	EndGlobalSection
	GlobalSection(ProjectConfigurationPlatforms) = postSolution
		{8039759D-9838-4964-B191-E7B023EB4826}.Debug|Any CPU.ActiveCfg = Debug|Any CPU
		{8039759D-9838-4964-B191-E7B023EB4826}.Debug|Any CPU.Build.0 = Debug|Any CPU
		{8039759D-9838-4964-B191-E7B023EB4826}.Release|Any CPU.ActiveCfg = Release|Any CPU
		{8039759D-9838-4964-B191-E7B023EB4826}.Release|Any CPU.Build.0 = Release|Any CPU
		{CF95D22A-0E5F-447E-8C58-DFD7A1604FC0}.Debug|Any CPU.ActiveCfg = Debug|Any CPU
		{CF95D22A-0E5F-447E-8C58-DFD7A1604FC0}.Debug|Any CPU.Build.0 = Debug|Any CPU
		{CF95D22A-0E5F-447E-8C58-DFD7A1604FC0}.Release|Any CPU.ActiveCfg = Release|Any CPU
		{CF95D22A-0E5F-447E-8C58-DFD7A1604FC0}.Release|Any CPU.Build.0 = Release|Any CPU
		{E0001F32-036B-4005-87B7-417165486F82}.Debug|Any CPU.ActiveCfg = Debug|Any CPU
		{E0001F32-036B-4005-87B7-417165486F82}.Debug|Any CPU.Build.0 = Debug|Any CPU
		{E0001F32-036B-4005-87B7-417165486F82}.Release|Any CPU.ActiveCfg = Release|Any CPU
		{E0001F32-036B-4005-87B7-417165486F82}.Release|Any CPU.Build.0 = Release|Any CPU
	EndGlobalSection
	GlobalSection(SolutionProperties) = preSolution
		HideSolutionNode = FALSE
	EndGlobalSection
	GlobalSection(ExtensibilityGlobals) = postSolution
		SolutionGuid = {229DFAA8-E62C-4A44-B7FF-134E9DBA6DEB}
	EndGlobalSection
EndGlobal
